{
  "requires": true,
  "lockfileVersion": 1,
  "dependencies": {
    "typed-gqlbuilder": {
      "version": "file:../dist",
      "requires": {
        "graphql": "^14.2.1",
        "graphql-tag": "^2.10.1"
      },
      "dependencies": {
        "graphql": {
          "version": "14.3.1",
          "bundled": true,
          "requires": {
            "iterall": "^1.2.2"
          }
        },
        "graphql-tag": {
          "version": "2.10.1",
          "bundled": true
        },
        "iterall": {
          "version": "1.2.2",
          "bundled": true
        }
      }
    }
  }
}
