{
  "name": "gql-sparrow",
  "requires": true,
  "lockfileVersion": 1,
  "dependencies": {
    "@types/node": {
      "version": "12.0.3",
      "resolved": "https://registry.npmjs.org/@types/node/-/node-12.0.3.tgz",
      "integrity": "sha512-zkOxCS/fA+3SsdA+9Yun0iANxzhQRiNwTvJSr6N95JhuJ/x27z9G2URx1Jpt3zYFfCGUXZGL5UDxt5eyLE7wgw=="
    },
    "gql-sparrow": {
      "version": "file:dist",
      "requires": {
        "graphql": "^14.2.1",
        "graphql-tag": "^2.10.1"
      },
      "dependencies": {
        "graphql": {
          "version": "14.3.1",
          "bundled": true,
          "requires": {
            "iterall": "^1.2.2"
          }
        },
        "graphql-tag": {
          "version": "2.10.1",
          "bundled": true
        },
        "iterall": {
          "version": "1.2.2",
          "bundled": true
        }
      }
    },
    "graphql": {
      "version": "14.3.1",
      "resolved": "https://registry.npmjs.org/graphql/-/graphql-14.3.1.tgz",
      "integrity": "sha512-FZm7kAa3FqKdXy8YSSpAoTtyDFMIYSpCDOr+3EqlI1bxmtHu+Vv/I2vrSeT1sBOEnEniX3uo4wFhFdS/8XN6gA==",
      "requires": {
        "iterall": "^1.2.2"
      }
    },
    "graphql-tag": {
      "version": "2.10.1",
      "resolved": "https://registry.npmjs.org/graphql-tag/-/graphql-tag-2.10.1.tgz",
      "integrity": "sha512-jApXqWBzNXQ8jYa/HLkZJaVw9jgwNqZkywa2zfFn16Iv1Zb7ELNHkJaXHR7Quvd5SIGsy6Ny7SUKATgnu05uEg=="
    },
    "iterall": {
      "version": "1.2.2",
      "resolved": "https://registry.npmjs.org/iterall/-/iterall-1.2.2.tgz",
      "integrity": "sha512-yynBb1g+RFUPY64fTrFv7nsjRrENBQJaX2UL+2Szc9REFrSNm1rpSXHGzhmAy7a9uv3vlvgBlXnf9RqmPH1/DA=="
    },
    "typescript": {
      "version": "3.5.1",
      "resolved": "https://registry.npmjs.org/typescript/-/typescript-3.5.1.tgz",
      "integrity": "sha512-64HkdiRv1yYZsSe4xC1WVgamNigVYjlssIoaH2HcZF0+ijsk5YK2g0G34w9wJkze8+5ow4STd22AynfO6ZYYLw=="
    }
  }
}
